
Microsoft Visual Studio Solution File, Format Version 12.00
# Visual Studio Version 17
VisualStudioVersion = 17.4.33205.214
MinimumVisualStudioVersion = 10.0.40219.1
Project("{FAE04EC0-301F-11D3-BF4B-00C04F79EFBC}") = "FrontEndToDemoObservable", "FrontEndToDemoObservable\FrontEndToDemoObservable.csproj", "{A9EA8A7D-06F0-49BA-9728-46EBEC4F29DB}"
EndProject
Project("{FAE04EC0-301F-11D3-BF4B-00C04F79EFBC}") = "BackEndToDemoSignalR", "BackEndToDemoSignalR\BackEndToDemoSignalR.csproj", "{090A97A9-DC63-41F5-AE46-FFDEDDF117E2}"
EndProject
Global
	GlobalSection(SolutionConfigurationPlatforms) = preSolution
		Debug|Any CPU = Debug|Any CPU
		Release|Any CPU = Release|Any CPU
	EndGlobalSection
	GlobalSection(ProjectConfigurationPlatforms) = postSolution
		{A9EA8A7D-06F0-49BA-9728-46EBEC4F29DB}.Debug|Any CPU.ActiveCfg = Debug|Any CPU
		{A9EA8A7D-06F0-49BA-9728-46EBEC4F29DB}.Debug|Any CPU.Build.0 = Debug|Any CPU
		{A9EA8A7D-06F0-49BA-9728-46EBEC4F29DB}.Release|Any CPU.ActiveCfg = Release|Any CPU
		{A9EA8A7D-06F0-49BA-9728-46EBEC4F29DB}.Release|Any CPU.Build.0 = Release|Any CPU
		{090A97A9-DC63-41F5-AE46-FFDEDDF117E2}.Debug|Any CPU.ActiveCfg = Debug|Any CPU
		{090A97A9-DC63-41F5-AE46-FFDEDDF117E2}.Debug|Any CPU.Build.0 = Debug|Any CPU
		{090A97A9-DC63-41F5-AE46-FFDEDDF117E2}.Release|Any CPU.ActiveCfg = Release|Any CPU
		{090A97A9-DC63-41F5-AE46-FFDEDDF117E2}.Release|Any CPU.Build.0 = Release|Any CPU
	EndGlobalSection
	GlobalSection(SolutionProperties) = preSolution
		HideSolutionNode = FALSE
	EndGlobalSection
	GlobalSection(ExtensibilityGlobals) = postSolution
		SolutionGuid = {E1807B9B-A49F-44A5-AFB9-769C85BFA2AC}
	EndGlobalSection
EndGlobal
